// !$*UTF8*$!
{
	archiveVersion = 1;
	classes = {
	};
	objectVersion = 46;
	objects = {

/* Begin PBXBuildFile section */
		643F36D61CA1BE1400912425 /* AppDelegate.swift in Sources */ = {isa = PBXBuildFile; fileRef = 643F36D51CA1BE1400912425 /* AppDelegate.swift */; };
		643F36D81CA1BE1400912425 /* ViewController.swift in Sources */ = {isa = PBXBuildFile; fileRef = 643F36D71CA1BE1400912425 /* ViewController.swift */; };
		643F36DB1CA1BE1400912425 /* Main.storyboard in Resources */ = {isa = PBXBuildFile; fileRef = 643F36D91CA1BE1400912425 /* Main.storyboard */; };
		643F36DD1CA1BE1400912425 /* Assets.xcassets in Resources */ = {isa = PBXBuildFile; fileRef = 643F36DC1CA1BE1400912425 /* Assets.xcassets */; };
		643F36E01CA1BE1400912425 /* LaunchScreen.storyboard in Resources */ = {isa = PBXBuildFile; fileRef = 643F36DE1CA1BE1400912425 /* LaunchScreen.storyboard */; };
		64A91FCD1CA2E7D00051B6B2 /* CalculatorBrain.swift in Sources */ = {isa = PBXBuildFile; fileRef = 64A91FCC1CA2E7D00051B6B2 /* CalculatorBrain.swift */; };
/* End PBXBuildFile section */

/* Begin PBXFileReference section */
		643F36D21CA1BE1400912425 /* Calculator.app */ = {isa = PBXFileReference; explicitFileType = wrapper.application; includeInIndex = 0; path = Calculator.app; sourceTree = BUILT_PRODUCTS_DIR; };
		643F36D51CA1BE1400912425 /* AppDelegate.swift */ = {isa = PBXFileReference; lastKnownFileType = sourcecode.swift; name = AppDelegate.swift; path = Calculator/AppDelegate.swift; sourceTree = "<group>"; };
		643F36D71CA1BE1400912425 /* ViewController.swift */ = {isa = PBXFileReference; lastKnownFileType = sourcecode.swift; path = ViewController.swift; sourceTree = "<group>"; };
		643F36DA1CA1BE1400912425 /* Base */ = {isa = PBXFileReference; lastKnownFileType = file.storyboard; name = Base; path = Base.lproj/Main.storyboard; sourceTree = "<group>"; };
		643F36DC1CA1BE1400912425 /* Assets.xcassets */ = {isa = PBXFileReference; lastKnownFileType = folder.assetcatalog; name = Assets.xcassets; path = Calculator/Assets.xcassets; sourceTree = "<group>"; };
		643F36DF1CA1BE1400912425 /* Base */ = {isa = PBXFileReference; lastKnownFileType = file.storyboard; name = Base; path = Base.lproj/LaunchScreen.storyboard; sourceTree = "<group>"; };
		643F36E11CA1BE1400912425 /* Info.plist */ = {isa = PBXFileReference; lastKnownFileType = text.plist.xml; name = Info.plist; path = Calculator/Info.plist; sourceTree = "<group>"; };
		64A91FCC1CA2E7D00051B6B2 /* CalculatorBrain.swift */ = {isa = PBXFileReference; fileEncoding = 4; lastKnownFileType = sourcecode.swift; path = CalculatorBrain.swift; sourceTree = "<group>"; };
/* End PBXFileReference section */

/* Begin PBXFrameworksBuildPhase section */
		643F36CF1CA1BE1400912425 /* Frameworks */ = {
			isa = PBXFrameworksBuildPhase;
			buildActionMask = 2147483647;
			files = (
			);
			runOnlyForDeploymentPostprocessing = 0;
		};
/* End PBXFrameworksBuildPhase section */

/* Begin PBXGroup section */
		643F36C91CA1BE1400912425 = {
			isa = PBXGroup;
			children = (
				643F36D41CA1BE1400912425 /* Calculator */,
				643F36D31CA1BE1400912425 /* Products */,
			);
			sourceTree = "<group>";
		};
		643F36D31CA1BE1400912425 /* Products */ = {
			isa = PBXGroup;
			children = (
				643F36D21CA1BE1400912425 /* Calculator.app */,
			);
			name = Products;
			sourceTree = "<group>";
		};
		643F36D41CA1BE1400912425 /* Calculator */ = {
			isa = PBXGroup;
			children = (
				643F36E71CA1BE4C00912425 /* SupportingFiles */,
				643F36D71CA1BE1400912425 /* ViewController.swift */,
				643F36D91CA1BE1400912425 /* Main.storyboard */,
				64A91FCC1CA2E7D00051B6B2 /* CalculatorBrain.swift */,
			);
			path = Calculator;
			sourceTree = "<group>";
		};
		643F36E71CA1BE4C00912425 /* SupportingFiles */ = {
			isa = PBXGroup;
			children = (
				643F36D51CA1BE1400912425 /* AppDelegate.swift */,
				643F36DC1CA1BE1400912425 /* Assets.xcassets */,
				643F36DE1CA1BE1400912425 /* LaunchScreen.storyboard */,
				643F36E11CA1BE1400912425 /* Info.plist */,
			);
			name = SupportingFiles;
			path = ..;
			sourceTree = "<group>";
		};
/* End PBXGroup section */

/* Begin PBXNativeTarget section */
		643F36D11CA1BE1400912425 /* Calculator */ = {
			isa = PBXNativeTarget;
			buildConfigurationList = 643F36E41CA1BE1400912425 /* Build configuration list for PBXNativeTarget "Calculator" */;
			buildPhases = (
				643F36CE1CA1BE1400912425 /* Sources */,
				643F36CF1CA1BE1400912425 /* Frameworks */,
				643F36D01CA1BE1400912425 /* Resources */,
			);
			buildRules = (
			);
			dependencies = (
			);
			name = Calculator;
			productName = Calculator;
			productReference = 643F36D21CA1BE1400912425 /* Calculator.app */;
			productType = "com.apple.product-type.application";
		};
/* End PBXNativeTarget section */

/* Begin PBXProject section */
		643F36CA1CA1BE1400912425 /* Project object */ = {
			isa = PBXProject;
			attributes = {
				LastSwiftUpdateCheck = 0720;
				LastUpgradeCheck = 0720;
				ORGANIZATIONNAME = "Raphael Gontijo Lopes";
				TargetAttributes = {
					643F36D11CA1BE1400912425 = {
						CreatedOnToolsVersion = 7.2.1;
						DevelopmentTeam = VZTP2466WH;
					};
				};
			};
			buildConfigurationList = 643F36CD1CA1BE1400912425 /* Build configuration list for PBXProject "Calculator" */;
			compatibilityVersion = "Xcode 3.2";
			developmentRegion = English;
			hasScannedForEncodings = 0;
			knownRegions = (
				en,
				Base,
			);
			mainGroup = 643F36C91CA1BE1400912425;
			productRefGroup = 643F36D31CA1BE1400912425 /* Products */;
			projectDirPath = "";
			projectRoot = "";
			targets = (
				643F36D11CA1BE1400912425 /* Calculator */,
			);
		};
/* End PBXProject section */

/* Begin PBXResourcesBuildPhase section */
		643F36D01CA1BE1400912425 /* Resources */ = {
			isa = PBXResourcesBuildPhase;
			buildActionMask = 2147483647;
			files = (
				643F36E01CA1BE1400912425 /* LaunchScreen.storyboard in Resources */,
				643F36DD1CA1BE1400912425 /* Assets.xcassets in Resources */,
				643F36DB1CA1BE1400912425 /* Main.storyboard in Resources */,
			);
			runOnlyForDeploymentPostprocessing = 0;
		};
/* End PBXResourcesBuildPhase section */

/* Begin PBXSourcesBuildPhase section */
		643F36CE1CA1BE1400912425 /* Sources */ = {
			isa = PBXSourcesBuildPhase;
			buildActionMask = 2147483647;
			files = (
				64A91FCD1CA2E7D00051B6B2 /* CalculatorBrain.swift in Sources */,
				643F36D81CA1BE1400912425 /* ViewController.swift in Sources */,
				643F36D61CA1BE1400912425 /* AppDelegate.swift in Sources */,
			);
			runOnlyForDeploymentPostprocessing = 0;
		};
/* End PBXSourcesBuildPhase section */

/* Begin PBXVariantGroup section */
		643F36D91CA1BE1400912425 /* Main.storyboard */ = {
			isa = PBXVariantGroup;
			children = (
				643F36DA1CA1BE1400912425 /* Base */,
			);
			name = Main.storyboard;
			sourceTree = "<group>";
		};
		643F36DE1CA1BE1400912425 /* LaunchScreen.storyboard */ = {
			isa = PBXVariantGroup;
			children = (
				643F36DF1CA1BE1400912425 /* Base */,
			);
			name = LaunchScreen.storyboard;
			path = Calculator;
			sourceTree = "<group>";
		};
/* End PBXVariantGroup section */

/* Begin XCBuildConfiguration section */
		643F36E21CA1BE1400912425 /* Debug */ = {
			isa = XCBuildConfiguration;
			buildSettings = {
				ALWAYS_SEARCH_USER_PATHS = NO;
				CLANG_CXX_LANGUAGE_STANDARD = "gnu++0x";
				CLANG_CXX_LIBRARY = "libc++";
				CLANG_ENABLE_MODULES = YES;
				CLANG_ENABLE_OBJC_ARC = YES;
				CLANG_WARN_BOOL_CONVERSION = YES;
				CLANG_WARN_CONSTANT_CONVERSION = YES;
				CLANG_WARN_DIRECT_OBJC_ISA_USAGE = YES_ERROR;
				CLANG_WARN_EMPTY_BODY = YES;
				CLANG_WARN_ENUM_CONVERSION = YES;
				CLANG_WARN_INT_CONVERSION = YES;
				CLANG_WARN_OBJC_ROOT_CLASS = YES_ERROR;
				CLANG_WARN_UNREACHABLE_CODE = YES;
				CLANG_WARN__DUPLICATE_METHOD_MATCH = YES;
				"CODE_SIGN_IDENTITY[sdk=iphoneos*]" = "iPhone Developer";
				COPY_PHASE_STRIP = NO;
				DEBUG_INFORMATION_FORMAT = dwarf;
				ENABLE_STRICT_OBJC_MSGSEND = YES;
				ENABLE_TESTABILITY = YES;
				GCC_C_LANGUAGE_STANDARD = gnu99;
				GCC_DYNAMIC_NO_PIC = NO;
				GCC_NO_COMMON_BLOCKS = YES;
				GCC_OPTIMIZATION_LEVEL = 0;
				GCC_PREPROCESSOR_DEFINITIONS = (
					"DEBUG=1",
					"$(inherited)",
				);
				GCC_WARN_64_TO_32_BIT_CONVERSION = YES;
				GCC_WARN_ABOUT_RETURN_TYPE = YES_ERROR;
				GCC_WARN_UNDECLARED_SELECTOR = YES;
				GCC_WARN_UNINITIALIZED_AUTOS = YES_AGGRESSIVE;
				GCC_WARN_UNUSED_FUNCTION = YES;
				GCC_WARN_UNUSED_VARIABLE = YES;
				IPHONEOS_DEPLOYMENT_TARGET = 9.2;
				MTL_ENABLE_DEBUG_INFO = YES;
				ONLY_ACTIVE_ARCH = YES;
				SDKROOT = iphoneos;
				SWIFT_OPTIMIZATION_LEVEL = "-Onone";
			};
			name = Debug;
		};
		643F36E31CA1BE1400912425 /* Release */ = {
			isa = XCBuildConfiguration;
			buildSettings = {
				ALWAYS_SEARCH_USER_PATHS = NO;
				CLANG_CXX_LANGUAGE_STANDARD = "gnu++0x";
				CLANG_CXX_LIBRARY = "libc++";
				CLANG_ENABLE_MODULES = YES;
				CLANG_ENABLE_OBJC_ARC = YES;
				CLANG_WARN_BOOL_CONVERSION = YES;
				CLANG_WARN_CONSTANT_CONVERSION = YES;
				CLANG_WARN_DIRECT_OBJC_ISA_USAGE = YES_ERROR;
				CLANG_WARN_EMPTY_BODY = YES;
				CLANG_WARN_ENUM_CONVERSION = YES;
				CLANG_WARN_INT_CONVERSION = YES;
				CLANG_WARN_OBJC_ROOT_CLASS = YES_ERROR;
				CLANG_WARN_UNREACHABLE_CODE = YES;
				CLANG_WARN__DUPLICATE_METHOD_MATCH = YES;
				"CODE_SIGN_IDENTITY[sdk=iphoneos*]" = "iPhone Developer";
				COPY_PHASE_STRIP = NO;
				DEBUG_INFORMATION_FORMAT = "dwarf-with-dsym";
				ENABLE_NS_ASSERTIONS = NO;
				ENABLE_STRICT_OBJC_MSGSEND = YES;
				GCC_C_LANGUAGE_STANDARD = gnu99;
				GCC_NO_COMMON_BLOCKS = YES;
				GCC_WARN_64_TO_32_BIT_CONVERSION = YES;
				GCC_WARN_ABOUT_RETURN_TYPE = YES_ERROR;
				GCC_WARN_UNDECLARED_SELECTOR = YES;
				GCC_WARN_UNINITIALIZED_AUTOS = YES_AGGRESSIVE;
				GCC_WARN_UNUSED_FUNCTION = YES;
				GCC_WARN_UNUSED_VARIABLE = YES;
				IPHONEOS_DEPLOYMENT_TARGET = 9.2;
				MTL_ENABLE_DEBUG_INFO = NO;
				SDKROOT = iphoneos;
				VALIDATE_PRODUCT = YES;
			};
			name = Release;
		};
		643F36E51CA1BE1400912425 /* Debug */ = {
			isa = XCBuildConfiguration;
			buildSettings = {
				ASSETCATALOG_COMPILER_APPICON_NAME = AppIcon;
				INFOPLIST_FILE = Calculator/Info.plist;
				LD_RUNPATH_SEARCH_PATHS = "$(inherited) @executable_path/Frameworks";
				PRODUCT_BUNDLE_IDENTIFIER = com.raphagl.Calculator;
				PRODUCT_NAME = "$(TARGET_NAME)";
			};
			name = Debug;
		};
		643F36E61CA1BE1400912425 /* Release */ = {
			isa = XCBuildConfiguration;
			buildSettings = {
				ASSETCATALOG_COMPILER_APPICON_NAME = AppIcon;
				INFOPLIST_FILE = Calculator/Info.plist;
				LD_RUNPATH_SEARCH_PATHS = "$(inherited) @executable_path/Frameworks";
				PRODUCT_BUNDLE_IDENTIFIER = com.raphagl.Calculator;
				PRODUCT_NAME = "$(TARGET_NAME)";
			};
			name = Release;
		};
/* End XCBuildConfiguration section */

/* Begin XCConfigurationList section */
		643F36CD1CA1BE1400912425 /* Build configuration list for PBXProject "Calculator" */ = {
			isa = XCConfigurationList;
			buildConfigurations = (
				643F36E21CA1BE1400912425 /* Debug */,
				643F36E31CA1BE1400912425 /* Release */,
			);
			defaultConfigurationIsVisible = 0;
			defaultConfigurationName = Release;
		};
		643F36E41CA1BE1400912425 /* Build configuration list for PBXNativeTarget "Calculator" */ = {
			isa = XCConfigurationList;
			buildConfigurations = (
				643F36E51CA1BE1400912425 /* Debug */,
				643F36E61CA1BE1400912425 /* Release */,
			);
			defaultConfigurationIsVisible = 0;
			defaultConfigurationName = Release;
		};
/* End XCConfigurationList section */
	};
	rootObject = 643F36CA1CA1BE1400912425 /* Project object */;
}
